
Microsoft Visual Studio Solution File, Format Version 12.00
# Visual Studio 15
VisualStudioVersion = 15.0.26430.12
MinimumVisualStudioVersion = 10.0.40219.1
Project("{8BC9CEB8-8B4A-11D0-8D11-00A0C91BC942}") = "Wyrazenia-win", "Wyrazenia-win\Wyrazenia-win.vcxproj", "{4BFF3705-95E0-4BDF-BFE5-9883C1E80257}"
EndProject
Global
	GlobalSection(SolutionConfigurationPlatforms) = preSolution
		Debug|x64 = Debug|x64
		Debug|x86 = Debug|x86
		Release|x64 = Release|x64
		Release|x86 = Release|x86
	EndGlobalSection
	GlobalSection(ProjectConfigurationPlatforms) = postSolution
		{4BFF3705-95E0-4BDF-BFE5-9883C1E80257}.Debug|x64.ActiveCfg = Debug|x64
		{4BFF3705-95E0-4BDF-BFE5-9883C1E80257}.Debug|x64.Build.0 = Debug|x64
		{4BFF3705-95E0-4BDF-BFE5-9883C1E80257}.Debug|x86.ActiveCfg = Debug|Win32
		{4BFF3705-95E0-4BDF-BFE5-9883C1E80257}.Debug|x86.Build.0 = Debug|Win32
		{4BFF3705-95E0-4BDF-BFE5-9883C1E80257}.Release|x64.ActiveCfg = Release|x64
		{4BFF3705-95E0-4BDF-BFE5-9883C1E80257}.Release|x64.Build.0 = Release|x64
		{4BFF3705-95E0-4BDF-BFE5-9883C1E80257}.Release|x86.ActiveCfg = Release|x64
		{4BFF3705-95E0-4BDF-BFE5-9883C1E80257}.Release|x86.Build.0 = Release|x64
	EndGlobalSection
	GlobalSection(SolutionProperties) = preSolution
		HideSolutionNode = FALSE
	EndGlobalSection
	GlobalSection(TeamFoundationVersionControl) = preSolution
		SccNumberOfProjects = 2
		SccEnterpriseProvider = {4CA58AB2-18FA-4F8D-95D4-32DDF27D184C}
		SccTeamFoundationServer = https://piksk.visualstudio.com/
		SccLocalPath0 = .
		SccProjectUniqueName1 = Wyrazenia-win\\Wyrazenia-win.vcxproj
		SccProjectName1 = Wyrazenia-win
		SccLocalPath1 = Wyrazenia-win
	EndGlobalSection
EndGlobal
